
Microsoft Visual Studio Solution File, Format Version 12.00
# Visual Studio Version 17
VisualStudioVersion = 17.8.34511.84
MinimumVisualStudioVersion = 10.0.40219.1
Project("{FAE04EC0-301F-11D3-BF4B-00C04F79EFBC}") = "InterfacesTask", "InterfacesTask\InterfacesTask.csproj", "{71B6D36C-F1D4-4D86-AD42-D1CFA57F2F65}"
EndProject
Project("{FAE04EC0-301F-11D3-BF4B-00C04F79EFBC}") = "InterfacesTask.Tests", "InterfacesTask.Tests\InterfacesTask.Tests.csproj", "{1FA288C7-01BF-4F6F-BFC2-AED9E03669B0}"
EndProject
Project("{2150E333-8FDC-42A3-9474-1A3956D46DE8}") = "Solution Items", "Solution Items", "{0C30C239-3251-4E02-A615-55C345AF4D26}"
	ProjectSection(SolutionItems) = preProject
		Task.md = Task.md
	EndProjectSection
EndProject
Global
	GlobalSection(SolutionConfigurationPlatforms) = preSolution
		Debug|Any CPU = Debug|Any CPU
		Release|Any CPU = Release|Any CPU
	EndGlobalSection
	GlobalSection(ProjectConfigurationPlatforms) = postSolution
		{71B6D36C-F1D4-4D86-AD42-D1CFA57F2F65}.Debug|Any CPU.ActiveCfg = Debug|Any CPU
		{71B6D36C-F1D4-4D86-AD42-D1CFA57F2F65}.Debug|Any CPU.Build.0 = Debug|Any CPU
		{71B6D36C-F1D4-4D86-AD42-D1CFA57F2F65}.Release|Any CPU.ActiveCfg = Release|Any CPU
		{71B6D36C-F1D4-4D86-AD42-D1CFA57F2F65}.Release|Any CPU.Build.0 = Release|Any CPU
		{1FA288C7-01BF-4F6F-BFC2-AED9E03669B0}.Debug|Any CPU.ActiveCfg = Debug|Any CPU
		{1FA288C7-01BF-4F6F-BFC2-AED9E03669B0}.Debug|Any CPU.Build.0 = Debug|Any CPU
		{1FA288C7-01BF-4F6F-BFC2-AED9E03669B0}.Release|Any CPU.ActiveCfg = Release|Any CPU
		{1FA288C7-01BF-4F6F-BFC2-AED9E03669B0}.Release|Any CPU.Build.0 = Release|Any CPU
	EndGlobalSection
	GlobalSection(SolutionProperties) = preSolution
		HideSolutionNode = FALSE
	EndGlobalSection
	GlobalSection(ExtensibilityGlobals) = postSolution
		SolutionGuid = {2B0EFCD1-62C5-4DE0-BBC9-50BC54673B21}
	EndGlobalSection
EndGlobal
